// !$*UTF8*$!
{
	archiveVersion = 1;
	classes = {
	};
	objectVersion = 77;
	objects = {

/* Begin PBXContainerItemProxy section */
		B66870EF2D2715E500AF1DE5 /* PBXContainerItemProxy */ = {
			isa = PBXContainerItemProxy;
			containerPortal = B66870D62D2715E200AF1DE5 /* Project object */;
			proxyType = 1;
			remoteGlobalIDString = B66870DD2D2715E300AF1DE5;
			remoteInfo = SpecMatrix;
		};
		B66870F92D2715E500AF1DE5 /* PBXContainerItemProxy */ = {
			isa = PBXContainerItemProxy;
			containerPortal = B66870D62D2715E200AF1DE5 /* Project object */;
			proxyType = 1;
			remoteGlobalIDString = B66870DD2D2715E300AF1DE5;
			remoteInfo = SpecMatrix;
		};
/* End PBXContainerItemProxy section */

/* Begin PBXFileReference section */
		B66870DE2D2715E300AF1DE5 /* SpecMatrix.app */ = {isa = PBXFileReference; explicitFileType = wrapper.application; includeInIndex = 0; path = SpecMatrix.app; sourceTree = BUILT_PRODUCTS_DIR; };
		B66870EE2D2715E500AF1DE5 /* SpecMatrixTests.xctest */ = {isa = PBXFileReference; explicitFileType = wrapper.cfbundle; includeInIndex = 0; path = SpecMatrixTests.xctest; sourceTree = BUILT_PRODUCTS_DIR; };
		B66870F82D2715E500AF1DE5 /* SpecMatrixUITests.xctest */ = {isa = PBXFileReference; explicitFileType = wrapper.cfbundle; includeInIndex = 0; path = SpecMatrixUITests.xctest; sourceTree = BUILT_PRODUCTS_DIR; };
/* End PBXFileReference section */

/* Begin PBXFileSystemSynchronizedRootGroup section */
		B66870E02D2715E300AF1DE5 /* SpecMatrix */ = {
			isa = PBXFileSystemSynchronizedRootGroup;
			path = SpecMatrix;
			sourceTree = "<group>";
		};
		B66870F12D2715E500AF1DE5 /* SpecMatrixTests */ = {
			isa = PBXFileSystemSynchronizedRootGroup;
			path = SpecMatrixTests;
			sourceTree = "<group>";
		};
		B66870FB2D2715E500AF1DE5 /* SpecMatrixUITests */ = {
			isa = PBXFileSystemSynchronizedRootGroup;
			path = SpecMatrixUITests;
			sourceTree = "<group>";
		};
/* End PBXFileSystemSynchronizedRootGroup section */

/* Begin PBXFrameworksBuildPhase section */
		B66870DB2D2715E300AF1DE5 /* Frameworks */ = {
			isa = PBXFrameworksBuildPhase;
			buildActionMask = 2147483647;
			files = (
			);
			runOnlyForDeploymentPostprocessing = 0;
		};
		B66870EB2D2715E500AF1DE5 /* Frameworks */ = {
			isa = PBXFrameworksBuildPhase;
			buildActionMask = 2147483647;
			files = (
			);
			runOnlyForDeploymentPostprocessing = 0;
		};
		B66870F52D2715E500AF1DE5 /* Frameworks */ = {
			isa = PBXFrameworksBuildPhase;
			buildActionMask = 2147483647;
			files = (
			);
			runOnlyForDeploymentPostprocessing = 0;
		};
/* End PBXFrameworksBuildPhase section */

/* Begin PBXGroup section */
		B66870D52D2715E200AF1DE5 = {
			isa = PBXGroup;
			children = (
				B66870E02D2715E300AF1DE5 /* SpecMatrix */,
				B66870F12D2715E500AF1DE5 /* SpecMatrixTests */,
				B66870FB2D2715E500AF1DE5 /* SpecMatrixUITests */,
				B66870DF2D2715E300AF1DE5 /* Products */,
			);
			sourceTree = "<group>";
		};
		B66870DF2D2715E300AF1DE5 /* Products */ = {
			isa = PBXGroup;
			children = (
				B66870DE2D2715E300AF1DE5 /* SpecMatrix.app */,
				B66870EE2D2715E500AF1DE5 /* SpecMatrixTests.xctest */,
				B66870F82D2715E500AF1DE5 /* SpecMatrixUITests.xctest */,
			);
			name = Products;
			sourceTree = "<group>";
		};
/* End PBXGroup section */

/* Begin PBXNativeTarget section */
		B66870DD2D2715E300AF1DE5 /* SpecMatrix */ = {
			isa = PBXNativeTarget;
			buildConfigurationList = B66871022D2715E500AF1DE5 /* Build configuration list for PBXNativeTarget "SpecMatrix" */;
			buildPhases = (
				B66870DA2D2715E300AF1DE5 /* Sources */,
				B66870DB2D2715E300AF1DE5 /* Frameworks */,
				B66870DC2D2715E300AF1DE5 /* Resources */,
			);
			buildRules = (
			);
			dependencies = (
			);
			fileSystemSynchronizedGroups = (
				B66870E02D2715E300AF1DE5 /* SpecMatrix */,
			);
			name = SpecMatrix;
			packageProductDependencies = (
			);
			productName = SpecMatrix;
			productReference = B66870DE2D2715E300AF1DE5 /* SpecMatrix.app */;
			productType = "com.apple.product-type.application";
		};
		B66870ED2D2715E500AF1DE5 /* SpecMatrixTests */ = {
			isa = PBXNativeTarget;
			buildConfigurationList = B66871052D2715E500AF1DE5 /* Build configuration list for PBXNativeTarget "SpecMatrixTests" */;
			buildPhases = (
				B66870EA2D2715E500AF1DE5 /* Sources */,
				B66870EB2D2715E500AF1DE5 /* Frameworks */,
				B66870EC2D2715E500AF1DE5 /* Resources */,
			);
			buildRules = (
			);
			dependencies = (
				B66870F02D2715E500AF1DE5 /* PBXTargetDependency */,
			);
			fileSystemSynchronizedGroups = (
				B66870F12D2715E500AF1DE5 /* SpecMatrixTests */,
			);
			name = SpecMatrixTests;
			packageProductDependencies = (
			);
			productName = SpecMatrixTests;
			productReference = B66870EE2D2715E500AF1DE5 /* SpecMatrixTests.xctest */;
			productType = "com.apple.product-type.bundle.unit-test";
		};
		B66870F72D2715E500AF1DE5 /* SpecMatrixUITests */ = {
			isa = PBXNativeTarget;
			buildConfigurationList = B66871082D2715E500AF1DE5 /* Build configuration list for PBXNativeTarget "SpecMatrixUITests" */;
			buildPhases = (
				B66870F42D2715E500AF1DE5 /* Sources */,
				B66870F52D2715E500AF1DE5 /* Frameworks */,
				B66870F62D2715E500AF1DE5 /* Resources */,
			);
			buildRules = (
			);
			dependencies = (
				B66870FA2D2715E500AF1DE5 /* PBXTargetDependency */,
			);
			fileSystemSynchronizedGroups = (
				B66870FB2D2715E500AF1DE5 /* SpecMatrixUITests */,
			);
			name = SpecMatrixUITests;
			packageProductDependencies = (
			);
			productName = SpecMatrixUITests;
			productReference = B66870F82D2715E500AF1DE5 /* SpecMatrixUITests.xctest */;
			productType = "com.apple.product-type.bundle.ui-testing";
		};
/* End PBXNativeTarget section */

/* Begin PBXProject section */
		B66870D62D2715E200AF1DE5 /* Project object */ = {
			isa = PBXProject;
			attributes = {
				BuildIndependentTargetsInParallel = 1;
				LastSwiftUpdateCheck = 1620;
				LastUpgradeCheck = 1620;
				TargetAttributes = {
					B66870DD2D2715E300AF1DE5 = {
						CreatedOnToolsVersion = 16.2;
					};
					B66870ED2D2715E500AF1DE5 = {
						CreatedOnToolsVersion = 16.2;
						TestTargetID = B66870DD2D2715E300AF1DE5;
					};
					B66870F72D2715E500AF1DE5 = {
						CreatedOnToolsVersion = 16.2;
						TestTargetID = B66870DD2D2715E300AF1DE5;
					};
				};
			};
			buildConfigurationList = B66870D92D2715E200AF1DE5 /* Build configuration list for PBXProject "SpecMatrix" */;
			developmentRegion = en;
			hasScannedForEncodings = 0;
			knownRegions = (
				en,
				Base,
			);
			mainGroup = B66870D52D2715E200AF1DE5;
			minimizedProjectReferenceProxies = 1;
			preferredProjectObjectVersion = 77;
			productRefGroup = B66870DF2D2715E300AF1DE5 /* Products */;
			projectDirPath = "";
			projectRoot = "";
			targets = (
				B66870DD2D2715E300AF1DE5 /* SpecMatrix */,
				B66870ED2D2715E500AF1DE5 /* SpecMatrixTests */,
				B66870F72D2715E500AF1DE5 /* SpecMatrixUITests */,
			);
		};
/* End PBXProject section */

/* Begin PBXResourcesBuildPhase section */
		B66870DC2D2715E300AF1DE5 /* Resources */ = {
			isa = PBXResourcesBuildPhase;
			buildActionMask = 2147483647;
			files = (
			);
			runOnlyForDeploymentPostprocessing = 0;
		};
		B66870EC2D2715E500AF1DE5 /* Resources */ = {
			isa = PBXResourcesBuildPhase;
			buildActionMask = 2147483647;
			files = (
			);
			runOnlyForDeploymentPostprocessing = 0;
		};
		B66870F62D2715E500AF1DE5 /* Resources */ = {
			isa = PBXResourcesBuildPhase;
			buildActionMask = 2147483647;
			files = (
			);
			runOnlyForDeploymentPostprocessing = 0;
		};
/* End PBXResourcesBuildPhase section */

/* Begin PBXSourcesBuildPhase section */
		B66870DA2D2715E300AF1DE5 /* Sources */ = {
			isa = PBXSourcesBuildPhase;
			buildActionMask = 2147483647;
			files = (
			);
			runOnlyForDeploymentPostprocessing = 0;
		};
		B66870EA2D2715E500AF1DE5 /* Sources */ = {
			isa = PBXSourcesBuildPhase;
			buildActionMask = 2147483647;
			files = (
			);
			runOnlyForDeploymentPostprocessing = 0;
		};
		B66870F42D2715E500AF1DE5 /* Sources */ = {
			isa = PBXSourcesBuildPhase;
			buildActionMask = 2147483647;
			files = (
			);
			runOnlyForDeploymentPostprocessing = 0;
		};
/* End PBXSourcesBuildPhase section */

/* Begin PBXTargetDependency section */
		B66870F02D2715E500AF1DE5 /* PBXTargetDependency */ = {
			isa = PBXTargetDependency;
			target = B66870DD2D2715E300AF1DE5 /* SpecMatrix */;
			targetProxy = B66870EF2D2715E500AF1DE5 /* PBXContainerItemProxy */;
		};
		B66870FA2D2715E500AF1DE5 /* PBXTargetDependency */ = {
			isa = PBXTargetDependency;
			target = B66870DD2D2715E300AF1DE5 /* SpecMatrix */;
			targetProxy = B66870F92D2715E500AF1DE5 /* PBXContainerItemProxy */;
		};
/* End PBXTargetDependency section */

/* Begin XCBuildConfiguration section */
		B66871002D2715E500AF1DE5 /* Debug */ = {
			isa = XCBuildConfiguration;
			buildSettings = {
				ALWAYS_SEARCH_USER_PATHS = NO;
				ASSETCATALOG_COMPILER_GENERATE_SWIFT_ASSET_SYMBOL_EXTENSIONS = YES;
				CLANG_ANALYZER_NONNULL = YES;
				CLANG_ANALYZER_NUMBER_OBJECT_CONVERSION = YES_AGGRESSIVE;
				CLANG_CXX_LANGUAGE_STANDARD = "gnu++20";
				CLANG_ENABLE_MODULES = YES;
				CLANG_ENABLE_OBJC_ARC = YES;
				CLANG_ENABLE_OBJC_WEAK = YES;
				CLANG_WARN_BLOCK_CAPTURE_AUTORELEASING = YES;
				CLANG_WARN_BOOL_CONVERSION = YES;
				CLANG_WARN_COMMA = YES;
				CLANG_WARN_CONSTANT_CONVERSION = YES;
				CLANG_WARN_DEPRECATED_OBJC_IMPLEMENTATIONS = YES;
				CLANG_WARN_DIRECT_OBJC_ISA_USAGE = YES_ERROR;
				CLANG_WARN_DOCUMENTATION_COMMENTS = YES;
				CLANG_WARN_EMPTY_BODY = YES;
				CLANG_WARN_ENUM_CONVERSION = YES;
				CLANG_WARN_INFINITE_RECURSION = YES;
				CLANG_WARN_INT_CONVERSION = YES;
				CLANG_WARN_NON_LITERAL_NULL_CONVERSION = YES;
				CLANG_WARN_OBJC_IMPLICIT_RETAIN_SELF = YES;
				CLANG_WARN_OBJC_LITERAL_CONVERSION = YES;
				CLANG_WARN_OBJC_ROOT_CLASS = YES_ERROR;
				CLANG_WARN_QUOTED_INCLUDE_IN_FRAMEWORK_HEADER = YES;
				CLANG_WARN_RANGE_LOOP_ANALYSIS = YES;
				CLANG_WARN_STRICT_PROTOTYPES = YES;
				CLANG_WARN_SUSPICIOUS_MOVE = YES;
				CLANG_WARN_UNGUARDED_AVAILABILITY = YES_AGGRESSIVE;
				CLANG_WARN_UNREACHABLE_CODE = YES;
				CLANG_WARN__DUPLICATE_METHOD_MATCH = YES;
				COPY_PHASE_STRIP = NO;
				DEBUG_INFORMATION_FORMAT = dwarf;
				ENABLE_STRICT_OBJC_MSGSEND = YES;
				ENABLE_TESTABILITY = YES;
				ENABLE_USER_SCRIPT_SANDBOXING = YES;
				GCC_C_LANGUAGE_STANDARD = gnu17;
				GCC_DYNAMIC_NO_PIC = NO;
				GCC_NO_COMMON_BLOCKS = YES;
				GCC_OPTIMIZATION_LEVEL = 0;
				GCC_PREPROCESSOR_DEFINITIONS = (
					"DEBUG=1",
					"$(inherited)",
				);
				GCC_WARN_64_TO_32_BIT_CONVERSION = YES;
				GCC_WARN_ABOUT_RETURN_TYPE = YES_ERROR;
				GCC_WARN_UNDECLARED_SELECTOR = YES;
				GCC_WARN_UNINITIALIZED_AUTOS = YES_AGGRESSIVE;
				GCC_WARN_UNUSED_FUNCTION = YES;
				GCC_WARN_UNUSED_VARIABLE = YES;
				IPHONEOS_DEPLOYMENT_TARGET = 18.2;
				LOCALIZATION_PREFERS_STRING_CATALOGS = YES;
				MTL_ENABLE_DEBUG_INFO = INCLUDE_SOURCE;
				MTL_FAST_MATH = YES;
				ONLY_ACTIVE_ARCH = YES;
				SDKROOT = iphoneos;
				SWIFT_ACTIVE_COMPILATION_CONDITIONS = "DEBUG $(inherited)";
				SWIFT_OPTIMIZATION_LEVEL = "-Onone";
			};
			name = Debug;
		};
		B66871012D2715E500AF1DE5 /* Release */ = {
			isa = XCBuildConfiguration;
			buildSettings = {
				ALWAYS_SEARCH_USER_PATHS = NO;
				ASSETCATALOG_COMPILER_GENERATE_SWIFT_ASSET_SYMBOL_EXTENSIONS = YES;
				CLANG_ANALYZER_NONNULL = YES;
				CLANG_ANALYZER_NUMBER_OBJECT_CONVERSION = YES_AGGRESSIVE;
				CLANG_CXX_LANGUAGE_STANDARD = "gnu++20";
				CLANG_ENABLE_MODULES = YES;
				CLANG_ENABLE_OBJC_ARC = YES;
				CLANG_ENABLE_OBJC_WEAK = YES;
				CLANG_WARN_BLOCK_CAPTURE_AUTORELEASING = YES;
				CLANG_WARN_BOOL_CONVERSION = YES;
				CLANG_WARN_COMMA = YES;
				CLANG_WARN_CONSTANT_CONVERSION = YES;
				CLANG_WARN_DEPRECATED_OBJC_IMPLEMENTATIONS = YES;
				CLANG_WARN_DIRECT_OBJC_ISA_USAGE = YES_ERROR;
				CLANG_WARN_DOCUMENTATION_COMMENTS = YES;
				CLANG_WARN_EMPTY_BODY = YES;
				CLANG_WARN_ENUM_CONVERSION = YES;
				CLANG_WARN_INFINITE_RECURSION = YES;
				CLANG_WARN_INT_CONVERSION = YES;
				CLANG_WARN_NON_LITERAL_NULL_CONVERSION = YES;
				CLANG_WARN_OBJC_IMPLICIT_RETAIN_SELF = YES;
				CLANG_WARN_OBJC_LITERAL_CONVERSION = YES;
				CLANG_WARN_OBJC_ROOT_CLASS = YES_ERROR;
				CLANG_WARN_QUOTED_INCLUDE_IN_FRAMEWORK_HEADER = YES;
				CLANG_WARN_RANGE_LOOP_ANALYSIS = YES;
				CLANG_WARN_STRICT_PROTOTYPES = YES;
				CLANG_WARN_SUSPICIOUS_MOVE = YES;
				CLANG_WARN_UNGUARDED_AVAILABILITY = YES_AGGRESSIVE;
				CLANG_WARN_UNREACHABLE_CODE = YES;
				CLANG_WARN__DUPLICATE_METHOD_MATCH = YES;
				COPY_PHASE_STRIP = NO;
				DEBUG_INFORMATION_FORMAT = "dwarf-with-dsym";
				ENABLE_NS_ASSERTIONS = NO;
				ENABLE_STRICT_OBJC_MSGSEND = YES;
				ENABLE_USER_SCRIPT_SANDBOXING = YES;
				GCC_C_LANGUAGE_STANDARD = gnu17;
				GCC_NO_COMMON_BLOCKS = YES;
				GCC_WARN_64_TO_32_BIT_CONVERSION = YES;
				GCC_WARN_ABOUT_RETURN_TYPE = YES_ERROR;
				GCC_WARN_UNDECLARED_SELECTOR = YES;
				GCC_WARN_UNINITIALIZED_AUTOS = YES_AGGRESSIVE;
				GCC_WARN_UNUSED_FUNCTION = YES;
				GCC_WARN_UNUSED_VARIABLE = YES;
				IPHONEOS_DEPLOYMENT_TARGET = 18.2;
				LOCALIZATION_PREFERS_STRING_CATALOGS = YES;
				MTL_ENABLE_DEBUG_INFO = NO;
				MTL_FAST_MATH = YES;
				SDKROOT = iphoneos;
				SWIFT_COMPILATION_MODE = wholemodule;
				VALIDATE_PRODUCT = YES;
			};
			name = Release;
		};
		B66871032D2715E500AF1DE5 /* Debug */ = {
			isa = XCBuildConfiguration;
			buildSettings = {
				ASSETCATALOG_COMPILER_APPICON_NAME = AppIcon;
				ASSETCATALOG_COMPILER_GLOBAL_ACCENT_COLOR_NAME = AccentColor;
				CODE_SIGN_STYLE = Automatic;
				CURRENT_PROJECT_VERSION = 1;
				DEVELOPMENT_ASSET_PATHS = "\"SpecMatrix/Preview Content\"";
				DEVELOPMENT_TEAM = LSYVL36ZN3;
				ENABLE_PREVIEWS = YES;
				GENERATE_INFOPLIST_FILE = YES;
				INFOPLIST_KEY_UIApplicationSceneManifest_Generation = YES;
				INFOPLIST_KEY_UIApplicationSupportsIndirectInputEvents = YES;
				INFOPLIST_KEY_UILaunchScreen_Generation = YES;
				INFOPLIST_KEY_UISupportedInterfaceOrientations_iPad = "UIInterfaceOrientationPortrait UIInterfaceOrientationPortraitUpsideDown UIInterfaceOrientationLandscapeLeft UIInterfaceOrientationLandscapeRight";
				INFOPLIST_KEY_UISupportedInterfaceOrientations_iPhone = "UIInterfaceOrientationPortrait UIInterfaceOrientationLandscapeLeft UIInterfaceOrientationLandscapeRight";
				LD_RUNPATH_SEARCH_PATHS = (
					"$(inherited)",
					"@executable_path/Frameworks",
				);
				MARKETING_VERSION = 1.0;
				PRODUCT_BUNDLE_IDENTIFIER = com.zacdevv.SpecMatrix;
				PRODUCT_NAME = "$(TARGET_NAME)";
				SUPPORTED_PLATFORMS = "iphoneos iphonesimulator";
				SUPPORTS_MACCATALYST = NO;
				SUPPORTS_MAC_DESIGNED_FOR_IPHONE_IPAD = NO;
				SUPPORTS_XR_DESIGNED_FOR_IPHONE_IPAD = NO;
				SWIFT_EMIT_LOC_STRINGS = YES;
				SWIFT_VERSION = 5.0;
				TARGETED_DEVICE_FAMILY = "1,2";
			};
			name = Debug;
		};
		B66871042D2715E500AF1DE5 /* Release */ = {
			isa = XCBuildConfiguration;
			buildSettings = {
				ASSETCATALOG_COMPILER_APPICON_NAME = AppIcon;
				ASSETCATALOG_COMPILER_GLOBAL_ACCENT_COLOR_NAME = AccentColor;
				CODE_SIGN_STYLE = Automatic;
				CURRENT_PROJECT_VERSION = 1;
				DEVELOPMENT_ASSET_PATHS = "\"SpecMatrix/Preview Content\"";
				DEVELOPMENT_TEAM = LSYVL36ZN3;
				ENABLE_PREVIEWS = YES;
				GENERATE_INFOPLIST_FILE = YES;
				INFOPLIST_KEY_UIApplicationSceneManifest_Generation = YES;
				INFOPLIST_KEY_UIApplicationSupportsIndirectInputEvents = YES;
				INFOPLIST_KEY_UILaunchScreen_Generation = YES;
				INFOPLIST_KEY_UISupportedInterfaceOrientations_iPad = "UIInterfaceOrientationPortrait UIInterfaceOrientationPortraitUpsideDown UIInterfaceOrientationLandscapeLeft UIInterfaceOrientationLandscapeRight";
				INFOPLIST_KEY_UISupportedInterfaceOrientations_iPhone = "UIInterfaceOrientationPortrait UIInterfaceOrientationLandscapeLeft UIInterfaceOrientationLandscapeRight";
				LD_RUNPATH_SEARCH_PATHS = (
					"$(inherited)",
					"@executable_path/Frameworks",
				);
				MARKETING_VERSION = 1.0;
				PRODUCT_BUNDLE_IDENTIFIER = com.zacdevv.SpecMatrix;
				PRODUCT_NAME = "$(TARGET_NAME)";
				SUPPORTED_PLATFORMS = "iphoneos iphonesimulator";
				SUPPORTS_MACCATALYST = NO;
				SUPPORTS_MAC_DESIGNED_FOR_IPHONE_IPAD = NO;
				SUPPORTS_XR_DESIGNED_FOR_IPHONE_IPAD = NO;
				SWIFT_EMIT_LOC_STRINGS = YES;
				SWIFT_VERSION = 5.0;
				TARGETED_DEVICE_FAMILY = "1,2";
			};
			name = Release;
		};
		B66871062D2715E500AF1DE5 /* Debug */ = {
			isa = XCBuildConfiguration;
			buildSettings = {
				BUNDLE_LOADER = "$(TEST_HOST)";
				CODE_SIGN_STYLE = Automatic;
				CURRENT_PROJECT_VERSION = 1;
				DEVELOPMENT_TEAM = 8QU4WRDSA4;
				GENERATE_INFOPLIST_FILE = YES;
				IPHONEOS_DEPLOYMENT_TARGET = 18.2;
				MARKETING_VERSION = 1.0;
				PRODUCT_BUNDLE_IDENTIFIER = com.example.SpecMatrixTests;
				PRODUCT_NAME = "$(TARGET_NAME)";
				SWIFT_EMIT_LOC_STRINGS = NO;
				SWIFT_VERSION = 5.0;
				TARGETED_DEVICE_FAMILY = "1,2";
				TEST_HOST = "$(BUILT_PRODUCTS_DIR)/SpecMatrix.app/$(BUNDLE_EXECUTABLE_FOLDER_PATH)/SpecMatrix";
			};
			name = Debug;
		};
		B66871072D2715E500AF1DE5 /* Release */ = {
			isa = XCBuildConfiguration;
			buildSettings = {
				BUNDLE_LOADER = "$(TEST_HOST)";
				CODE_SIGN_STYLE = Automatic;
				CURRENT_PROJECT_VERSION = 1;
				DEVELOPMENT_TEAM = 8QU4WRDSA4;
				GENERATE_INFOPLIST_FILE = YES;
				IPHONEOS_DEPLOYMENT_TARGET = 18.2;
				MARKETING_VERSION = 1.0;
				PRODUCT_BUNDLE_IDENTIFIER = com.example.SpecMatrixTests;
				PRODUCT_NAME = "$(TARGET_NAME)";
				SWIFT_EMIT_LOC_STRINGS = NO;
				SWIFT_VERSION = 5.0;
				TARGETED_DEVICE_FAMILY = "1,2";
				TEST_HOST = "$(BUILT_PRODUCTS_DIR)/SpecMatrix.app/$(BUNDLE_EXECUTABLE_FOLDER_PATH)/SpecMatrix";
			};
			name = Release;
		};
		B66871092D2715E500AF1DE5 /* Debug */ = {
			isa = XCBuildConfiguration;
			buildSettings = {
				CODE_SIGN_STYLE = Automatic;
				CURRENT_PROJECT_VERSION = 1;
				DEVELOPMENT_TEAM = 8QU4WRDSA4;
				GENERATE_INFOPLIST_FILE = YES;
				MARKETING_VERSION = 1.0;
				PRODUCT_BUNDLE_IDENTIFIER = com.example.SpecMatrixUITests;
				PRODUCT_NAME = "$(TARGET_NAME)";
				SWIFT_EMIT_LOC_STRINGS = NO;
				SWIFT_VERSION = 5.0;
				TARGETED_DEVICE_FAMILY = "1,2";
				TEST_TARGET_NAME = SpecMatrix;
			};
			name = Debug;
		};
		B668710A2D2715E500AF1DE5 /* Release */ = {
			isa = XCBuildConfiguration;
			buildSettings = {
				CODE_SIGN_STYLE = Automatic;
				CURRENT_PROJECT_VERSION = 1;
				DEVELOPMENT_TEAM = 8QU4WRDSA4;
				GENERATE_INFOPLIST_FILE = YES;
				MARKETING_VERSION = 1.0;
				PRODUCT_BUNDLE_IDENTIFIER = com.example.SpecMatrixUITests;
				PRODUCT_NAME = "$(TARGET_NAME)";
				SWIFT_EMIT_LOC_STRINGS = NO;
				SWIFT_VERSION = 5.0;
				TARGETED_DEVICE_FAMILY = "1,2";
				TEST_TARGET_NAME = SpecMatrix;
			};
			name = Release;
		};
/* End XCBuildConfiguration section */

/* Begin XCConfigurationList section */
		B66870D92D2715E200AF1DE5 /* Build configuration list for PBXProject "SpecMatrix" */ = {
			isa = XCConfigurationList;
			buildConfigurations = (
				B66871002D2715E500AF1DE5 /* Debug */,
				B66871012D2715E500AF1DE5 /* Release */,
			);
			defaultConfigurationIsVisible = 0;
			defaultConfigurationName = Release;
		};
		B66871022D2715E500AF1DE5 /* Build configuration list for PBXNativeTarget "SpecMatrix" */ = {
			isa = XCConfigurationList;
			buildConfigurations = (
				B66871032D2715E500AF1DE5 /* Debug */,
				B66871042D2715E500AF1DE5 /* Release */,
			);
			defaultConfigurationIsVisible = 0;
			defaultConfigurationName = Release;
		};
		B66871052D2715E500AF1DE5 /* Build configuration list for PBXNativeTarget "SpecMatrixTests" */ = {
			isa = XCConfigurationList;
			buildConfigurations = (
				B66871062D2715E500AF1DE5 /* Debug */,
				B66871072D2715E500AF1DE5 /* Release */,
			);
			defaultConfigurationIsVisible = 0;
			defaultConfigurationName = Release;
		};
		B66871082D2715E500AF1DE5 /* Build configuration list for PBXNativeTarget "SpecMatrixUITests" */ = {
			isa = XCConfigurationList;
			buildConfigurations = (
				B66871092D2715E500AF1DE5 /* Debug */,
				B668710A2D2715E500AF1DE5 /* Release */,
			);
			defaultConfigurationIsVisible = 0;
			defaultConfigurationName = Release;
		};
/* End XCConfigurationList section */
	};
	rootObject = B66870D62D2715E200AF1DE5 /* Project object */;
}
